
Microsoft Visual Studio Solution File, Format Version 12.00
# Visual Studio Version 16
VisualStudioVersion = 16.0.30503.244
MinimumVisualStudioVersion = 10.0.40219.1
Project("{8BC9CEB8-8B4A-11D0-8D11-00A0C91BC942}") = "Git_5", "Git_5.vcxproj", "{3DAA899F-C9E4-423E-92A5-B3A3275F0254}"
EndProject
Global
	GlobalSection(SolutionConfigurationPlatforms) = preSolution
		Debug|x64 = Debug|x64
		Debug|x86 = Debug|x86
		Release|x64 = Release|x64
		Release|x86 = Release|x86
	EndGlobalSection
	GlobalSection(ProjectConfigurationPlatforms) = postSolution
		{3DAA899F-C9E4-423E-92A5-B3A3275F0254}.Debug|x64.ActiveCfg = Debug|x64
		{3DAA899F-C9E4-423E-92A5-B3A3275F0254}.Debug|x64.Build.0 = Debug|x64
		{3DAA899F-C9E4-423E-92A5-B3A3275F0254}.Debug|x86.ActiveCfg = Debug|Win32
		{3DAA899F-C9E4-423E-92A5-B3A3275F0254}.Debug|x86.Build.0 = Debug|Win32
		{3DAA899F-C9E4-423E-92A5-B3A3275F0254}.Release|x64.ActiveCfg = Release|x64
		{3DAA899F-C9E4-423E-92A5-B3A3275F0254}.Release|x64.Build.0 = Release|x64
		{3DAA899F-C9E4-423E-92A5-B3A3275F0254}.Release|x86.ActiveCfg = Release|Win32
		{3DAA899F-C9E4-423E-92A5-B3A3275F0254}.Release|x86.Build.0 = Release|Win32
	EndGlobalSection
	GlobalSection(SolutionProperties) = preSolution
		HideSolutionNode = FALSE
	EndGlobalSection
	GlobalSection(ExtensibilityGlobals) = postSolution
		SolutionGuid = {6DEA7B3C-E667-40A5-96FA-E043AF2413AB}
	EndGlobalSection
EndGlobal
